
Microsoft Visual Studio Solution File, Format Version 12.00
# Visual Studio Version 17
VisualStudioVersion = 17.2.32427.441
MinimumVisualStudioVersion = 10.0.40219.1
Project("{8BC9CEB8-8B4A-11D0-8D11-00A0C91BC942}") = "ce100-hw6-algo-lib-cpp", "ce100-hw6-algo-lib-cpp\ce100-hw6-algo-lib-cpp.vcxproj", "{7A088314-7E95-4CFE-B186-2D9F1D0675B5}"
EndProject
Project("{8BC9CEB8-8B4A-11D0-8D11-00A0C91BC942}") = "ce100-hw6-algo-test-cpp", "ce100-hw6-algo-test-cpp\ce100-hw6-algo-test-cpp.vcxproj", "{BDF8FC34-F4FC-46B7-B8A4-F9547B39A804}"
EndProject
Global
	GlobalSection(SolutionConfigurationPlatforms) = preSolution
		Debug|x64 = Debug|x64
		Debug|x86 = Debug|x86
		Release|x64 = Release|x64
		Release|x86 = Release|x86
	EndGlobalSection
	GlobalSection(ProjectConfigurationPlatforms) = postSolution
		{7A088314-7E95-4CFE-B186-2D9F1D0675B5}.Debug|x64.ActiveCfg = Debug|x64
		{7A088314-7E95-4CFE-B186-2D9F1D0675B5}.Debug|x64.Build.0 = Debug|x64
		{7A088314-7E95-4CFE-B186-2D9F1D0675B5}.Debug|x86.ActiveCfg = Debug|Win32
		{7A088314-7E95-4CFE-B186-2D9F1D0675B5}.Debug|x86.Build.0 = Debug|Win32
		{7A088314-7E95-4CFE-B186-2D9F1D0675B5}.Release|x64.ActiveCfg = Release|x64
		{7A088314-7E95-4CFE-B186-2D9F1D0675B5}.Release|x64.Build.0 = Release|x64
		{7A088314-7E95-4CFE-B186-2D9F1D0675B5}.Release|x86.ActiveCfg = Release|Win32
		{7A088314-7E95-4CFE-B186-2D9F1D0675B5}.Release|x86.Build.0 = Release|Win32
		{BDF8FC34-F4FC-46B7-B8A4-F9547B39A804}.Debug|x64.ActiveCfg = Debug|x64
		{BDF8FC34-F4FC-46B7-B8A4-F9547B39A804}.Debug|x64.Build.0 = Debug|x64
		{BDF8FC34-F4FC-46B7-B8A4-F9547B39A804}.Debug|x86.ActiveCfg = Debug|Win32
		{BDF8FC34-F4FC-46B7-B8A4-F9547B39A804}.Debug|x86.Build.0 = Debug|Win32
		{BDF8FC34-F4FC-46B7-B8A4-F9547B39A804}.Release|x64.ActiveCfg = Release|x64
		{BDF8FC34-F4FC-46B7-B8A4-F9547B39A804}.Release|x64.Build.0 = Release|x64
		{BDF8FC34-F4FC-46B7-B8A4-F9547B39A804}.Release|x86.ActiveCfg = Release|Win32
		{BDF8FC34-F4FC-46B7-B8A4-F9547B39A804}.Release|x86.Build.0 = Release|Win32
	EndGlobalSection
	GlobalSection(SolutionProperties) = preSolution
		HideSolutionNode = FALSE
	EndGlobalSection
	GlobalSection(ExtensibilityGlobals) = postSolution
		SolutionGuid = {2CAFF9A2-69D2-4F52-92D8-EF4452D738BA}
	EndGlobalSection
EndGlobal
